// !$*UTF8*$!
{
	archiveVersion = 1;
	classes = {
	};
	objectVersion = 51;
	objects = {

/* Begin PBXBuildFile section */
		2ABF14CCC6B21E0CD222655C /* Pods_firebase_pgdemo.framework in Frameworks */ = {isa = PBXBuildFile; fileRef = 64BE17C76AB5201E65E8F84E /* Pods_firebase_pgdemo.framework */; };
		8BDE6DBF23C452AC00945CCB /* AppDelegate.swift in Sources */ = {isa = PBXBuildFile; fileRef = 8BDE6DBE23C452AC00945CCB /* AppDelegate.swift */; };
		8BDE6DC123C452AC00945CCB /* ViewController.swift in Sources */ = {isa = PBXBuildFile; fileRef = 8BDE6DC023C452AC00945CCB /* ViewController.swift */; };
		8BDE6DC423C452AC00945CCB /* Main.storyboard in Resources */ = {isa = PBXBuildFile; fileRef = 8BDE6DC223C452AC00945CCB /* Main.storyboard */; };
		8BDE6DC623C452AF00945CCB /* Assets.xcassets in Resources */ = {isa = PBXBuildFile; fileRef = 8BDE6DC523C452AF00945CCB /* Assets.xcassets */; };
		8BDE6DC923C452AF00945CCB /* LaunchScreen.storyboard in Resources */ = {isa = PBXBuildFile; fileRef = 8BDE6DC723C452AF00945CCB /* LaunchScreen.storyboard */; };
		8BDE6DD123C4544F00945CCB /* GoogleService-Info.plist in Resources */ = {isa = PBXBuildFile; fileRef = 8BDE6DD023C4544F00945CCB /* GoogleService-Info.plist */; };
		8BDE6DD323C4587B00945CCB /* NextViewController.swift in Sources */ = {isa = PBXBuildFile; fileRef = 8BDE6DD223C4587B00945CCB /* NextViewController.swift */; };
/* End PBXBuildFile section */

/* Begin PBXFileReference section */
		2355F337276197118BFE2005 /* Pods-firebase.pgdemo.release.xcconfig */ = {isa = PBXFileReference; includeInIndex = 1; lastKnownFileType = text.xcconfig; name = "Pods-firebase.pgdemo.release.xcconfig"; path = "Target Support Files/Pods-firebase.pgdemo/Pods-firebase.pgdemo.release.xcconfig"; sourceTree = "<group>"; };
		5EF8AB855956E187B3865AEF /* Pods-firebase.pgdemo.debug.xcconfig */ = {isa = PBXFileReference; includeInIndex = 1; lastKnownFileType = text.xcconfig; name = "Pods-firebase.pgdemo.debug.xcconfig"; path = "Target Support Files/Pods-firebase.pgdemo/Pods-firebase.pgdemo.debug.xcconfig"; sourceTree = "<group>"; };
		64BE17C76AB5201E65E8F84E /* Pods_firebase_pgdemo.framework */ = {isa = PBXFileReference; explicitFileType = wrapper.framework; includeInIndex = 0; path = Pods_firebase_pgdemo.framework; sourceTree = BUILT_PRODUCTS_DIR; };
		8BDE6DBB23C452AC00945CCB /* firebase.pgdemo.app */ = {isa = PBXFileReference; explicitFileType = wrapper.application; includeInIndex = 0; path = firebase.pgdemo.app; sourceTree = BUILT_PRODUCTS_DIR; };
		8BDE6DBE23C452AC00945CCB /* AppDelegate.swift */ = {isa = PBXFileReference; lastKnownFileType = sourcecode.swift; path = AppDelegate.swift; sourceTree = "<group>"; };
		8BDE6DC023C452AC00945CCB /* ViewController.swift */ = {isa = PBXFileReference; lastKnownFileType = sourcecode.swift; path = ViewController.swift; sourceTree = "<group>"; };
		8BDE6DC323C452AC00945CCB /* Base */ = {isa = PBXFileReference; lastKnownFileType = file.storyboard; name = Base; path = Base.lproj/Main.storyboard; sourceTree = "<group>"; };
		8BDE6DC523C452AF00945CCB /* Assets.xcassets */ = {isa = PBXFileReference; lastKnownFileType = folder.assetcatalog; path = Assets.xcassets; sourceTree = "<group>"; };
		8BDE6DC823C452AF00945CCB /* Base */ = {isa = PBXFileReference; lastKnownFileType = file.storyboard; name = Base; path = Base.lproj/LaunchScreen.storyboard; sourceTree = "<group>"; };
		8BDE6DCA23C452AF00945CCB /* Info.plist */ = {isa = PBXFileReference; lastKnownFileType = text.plist.xml; path = Info.plist; sourceTree = "<group>"; };
		8BDE6DD023C4544F00945CCB /* GoogleService-Info.plist */ = {isa = PBXFileReference; fileEncoding = 4; lastKnownFileType = text.plist.xml; path = "GoogleService-Info.plist"; sourceTree = "<group>"; };
		8BDE6DD223C4587B00945CCB /* NextViewController.swift */ = {isa = PBXFileReference; lastKnownFileType = sourcecode.swift; path = NextViewController.swift; sourceTree = "<group>"; };
/* End PBXFileReference section */

/* Begin PBXFrameworksBuildPhase section */
		8BDE6DB823C452AC00945CCB /* Frameworks */ = {
			isa = PBXFrameworksBuildPhase;
			buildActionMask = 2147483647;
			files = (
				2ABF14CCC6B21E0CD222655C /* Pods_firebase_pgdemo.framework in Frameworks */,
			);
			runOnlyForDeploymentPostprocessing = 0;
		};
/* End PBXFrameworksBuildPhase section */

/* Begin PBXGroup section */
		5A7BBDB58ECD82500ECDB31C /* Frameworks */ = {
			isa = PBXGroup;
			children = (
				64BE17C76AB5201E65E8F84E /* Pods_firebase_pgdemo.framework */,
			);
			name = Frameworks;
			sourceTree = "<group>";
		};
		8BDE6DB223C452AC00945CCB = {
			isa = PBXGroup;
			children = (
				8BDE6DBD23C452AC00945CCB /* firebase.pgdemo */,
				8BDE6DBC23C452AC00945CCB /* Products */,
				AF8032D1FC2805E07FF39D03 /* Pods */,
				5A7BBDB58ECD82500ECDB31C /* Frameworks */,
			);
			sourceTree = "<group>";
		};
		8BDE6DBC23C452AC00945CCB /* Products */ = {
			isa = PBXGroup;
			children = (
				8BDE6DBB23C452AC00945CCB /* firebase.pgdemo.app */,
			);
			name = Products;
			sourceTree = "<group>";
		};
		8BDE6DBD23C452AC00945CCB /* firebase.pgdemo */ = {
			isa = PBXGroup;
			children = (
				8BDE6DBE23C452AC00945CCB /* AppDelegate.swift */,
				8BDE6DD023C4544F00945CCB /* GoogleService-Info.plist */,
				8BDE6DC023C452AC00945CCB /* ViewController.swift */,
				8BDE6DC223C452AC00945CCB /* Main.storyboard */,
				8BDE6DD223C4587B00945CCB /* NextViewController.swift */,
				8BDE6DC523C452AF00945CCB /* Assets.xcassets */,
				8BDE6DC723C452AF00945CCB /* LaunchScreen.storyboard */,
				8BDE6DCA23C452AF00945CCB /* Info.plist */,
			);
			path = firebase.pgdemo;
			sourceTree = "<group>";
		};
		AF8032D1FC2805E07FF39D03 /* Pods */ = {
			isa = PBXGroup;
			children = (
				5EF8AB855956E187B3865AEF /* Pods-firebase.pgdemo.debug.xcconfig */,
				2355F337276197118BFE2005 /* Pods-firebase.pgdemo.release.xcconfig */,
			);
			path = Pods;
			sourceTree = "<group>";
		};
/* End PBXGroup section */

/* Begin PBXNativeTarget section */
		8BDE6DBA23C452AC00945CCB /* firebase.pgdemo */ = {
			isa = PBXNativeTarget;
			buildConfigurationList = 8BDE6DCD23C452AF00945CCB /* Build configuration list for PBXNativeTarget "firebase.pgdemo" */;
			buildPhases = (
				E468CB88B077198137C275EF /* [CP] Check Pods Manifest.lock */,
				8BDE6DB723C452AC00945CCB /* Sources */,
				8BDE6DB823C452AC00945CCB /* Frameworks */,
				8BDE6DB923C452AC00945CCB /* Resources */,
				E7E489BF5628E5DDC51F6195 /* [CP] Embed Pods Frameworks */,
			);
			buildRules = (
			);
			dependencies = (
			);
			name = firebase.pgdemo;
			productName = firebase.pgdemo;
			productReference = 8BDE6DBB23C452AC00945CCB /* firebase.pgdemo.app */;
			productType = "com.apple.product-type.application";
		};
/* End PBXNativeTarget section */

/* Begin PBXProject section */
		8BDE6DB323C452AC00945CCB /* Project object */ = {
			isa = PBXProject;
			attributes = {
				LastSwiftUpdateCheck = 1010;
				LastUpgradeCheck = 1010;
				ORGANIZATIONNAME = "Bhushan Badhe";
				TargetAttributes = {
					8BDE6DBA23C452AC00945CCB = {
						CreatedOnToolsVersion = 10.1;
					};
				};
			};
			buildConfigurationList = 8BDE6DB623C452AC00945CCB /* Build configuration list for PBXProject "firebase.pgdemo" */;
			compatibilityVersion = "Xcode 9.3";
			developmentRegion = en;
			hasScannedForEncodings = 0;
			knownRegions = (
				en,
				Base,
			);
			mainGroup = 8BDE6DB223C452AC00945CCB;
			productRefGroup = 8BDE6DBC23C452AC00945CCB /* Products */;
			projectDirPath = "";
			projectRoot = "";
			targets = (
				8BDE6DBA23C452AC00945CCB /* firebase.pgdemo */,
			);
		};
/* End PBXProject section */

/* Begin PBXResourcesBuildPhase section */
		8BDE6DB923C452AC00945CCB /* Resources */ = {
			isa = PBXResourcesBuildPhase;
			buildActionMask = 2147483647;
			files = (
				8BDE6DC923C452AF00945CCB /* LaunchScreen.storyboard in Resources */,
				8BDE6DC623C452AF00945CCB /* Assets.xcassets in Resources */,
				8BDE6DD123C4544F00945CCB /* GoogleService-Info.plist in Resources */,
				8BDE6DC423C452AC00945CCB /* Main.storyboard in Resources */,
			);
			runOnlyForDeploymentPostprocessing = 0;
		};
/* End PBXResourcesBuildPhase section */

/* Begin PBXShellScriptBuildPhase section */
		E468CB88B077198137C275EF /* [CP] Check Pods Manifest.lock */ = {
			isa = PBXShellScriptBuildPhase;
			buildActionMask = 2147483647;
			files = (
			);
			inputFileListPaths = (
			);
			inputPaths = (
				"${PODS_PODFILE_DIR_PATH}/Podfile.lock",
				"${PODS_ROOT}/Manifest.lock",
			);
			name = "[CP] Check Pods Manifest.lock";
			outputFileListPaths = (
			);
			outputPaths = (
				"$(DERIVED_FILE_DIR)/Pods-firebase.pgdemo-checkManifestLockResult.txt",
			);
			runOnlyForDeploymentPostprocessing = 0;
			shellPath = /bin/sh;
			shellScript = "diff \"${PODS_PODFILE_DIR_PATH}/Podfile.lock\" \"${PODS_ROOT}/Manifest.lock\" > /dev/null\nif [ $? != 0 ] ; then\n    # print error to STDERR\n    echo \"error: The sandbox is not in sync with the Podfile.lock. Run 'pod install' or update your CocoaPods installation.\" >&2\n    exit 1\nfi\n# This output is used by Xcode 'outputs' to avoid re-running this script phase.\necho \"SUCCESS\" > \"${SCRIPT_OUTPUT_FILE_0}\"\n";
			showEnvVarsInLog = 0;
		};
		E7E489BF5628E5DDC51F6195 /* [CP] Embed Pods Frameworks */ = {
			isa = PBXShellScriptBuildPhase;
			buildActionMask = 2147483647;
			files = (
			);
			inputFileListPaths = (
				"${PODS_ROOT}/Target Support Files/Pods-firebase.pgdemo/Pods-firebase.pgdemo-frameworks-${CONFIGURATION}-input-files.xcfilelist",
			);
			name = "[CP] Embed Pods Frameworks";
			outputFileListPaths = (
				"${PODS_ROOT}/Target Support Files/Pods-firebase.pgdemo/Pods-firebase.pgdemo-frameworks-${CONFIGURATION}-output-files.xcfilelist",
			);
			runOnlyForDeploymentPostprocessing = 0;
			shellPath = /bin/sh;
			shellScript = "\"${PODS_ROOT}/Target Support Files/Pods-firebase.pgdemo/Pods-firebase.pgdemo-frameworks.sh\"\n";
			showEnvVarsInLog = 0;
		};
/* End PBXShellScriptBuildPhase section */

/* Begin PBXSourcesBuildPhase section */
		8BDE6DB723C452AC00945CCB /* Sources */ = {
			isa = PBXSourcesBuildPhase;
			buildActionMask = 2147483647;
			files = (
				8BDE6DC123C452AC00945CCB /* ViewController.swift in Sources */,
				8BDE6DD323C4587B00945CCB /* NextViewController.swift in Sources */,
				8BDE6DBF23C452AC00945CCB /* AppDelegate.swift in Sources */,
			);
			runOnlyForDeploymentPostprocessing = 0;
		};
/* End PBXSourcesBuildPhase section */

/* Begin PBXVariantGroup section */
		8BDE6DC223C452AC00945CCB /* Main.storyboard */ = {
			isa = PBXVariantGroup;
			children = (
				8BDE6DC323C452AC00945CCB /* Base */,
			);
			name = Main.storyboard;
			sourceTree = "<group>";
		};
		8BDE6DC723C452AF00945CCB /* LaunchScreen.storyboard */ = {
			isa = PBXVariantGroup;
			children = (
				8BDE6DC823C452AF00945CCB /* Base */,
			);
			name = LaunchScreen.storyboard;
			sourceTree = "<group>";
		};
/* End PBXVariantGroup section */

/* Begin XCBuildConfiguration section */
		8BDE6DCB23C452AF00945CCB /* Debug */ = {
			isa = XCBuildConfiguration;
			buildSettings = {
				ALWAYS_SEARCH_USER_PATHS = NO;
				CLANG_ANALYZER_NONNULL = YES;
				CLANG_ANALYZER_NUMBER_OBJECT_CONVERSION = YES_AGGRESSIVE;
				CLANG_CXX_LANGUAGE_STANDARD = "gnu++14";
				CLANG_CXX_LIBRARY = "libc++";
				CLANG_ENABLE_MODULES = YES;
				CLANG_ENABLE_OBJC_ARC = YES;
				CLANG_ENABLE_OBJC_WEAK = YES;
				CLANG_WARN_BLOCK_CAPTURE_AUTORELEASING = YES;
				CLANG_WARN_BOOL_CONVERSION = YES;
				CLANG_WARN_COMMA = YES;
				CLANG_WARN_CONSTANT_CONVERSION = YES;
				CLANG_WARN_DEPRECATED_OBJC_IMPLEMENTATIONS = YES;
				CLANG_WARN_DIRECT_OBJC_ISA_USAGE = YES_ERROR;
				CLANG_WARN_DOCUMENTATION_COMMENTS = YES;
				CLANG_WARN_EMPTY_BODY = YES;
				CLANG_WARN_ENUM_CONVERSION = YES;
				CLANG_WARN_INFINITE_RECURSION = YES;
				CLANG_WARN_INT_CONVERSION = YES;
				CLANG_WARN_NON_LITERAL_NULL_CONVERSION = YES;
				CLANG_WARN_OBJC_IMPLICIT_RETAIN_SELF = YES;
				CLANG_WARN_OBJC_LITERAL_CONVERSION = YES;
				CLANG_WARN_OBJC_ROOT_CLASS = YES_ERROR;
				CLANG_WARN_RANGE_LOOP_ANALYSIS = YES;
				CLANG_WARN_STRICT_PROTOTYPES = YES;
				CLANG_WARN_SUSPICIOUS_MOVE = YES;
				CLANG_WARN_UNGUARDED_AVAILABILITY = YES_AGGRESSIVE;
				CLANG_WARN_UNREACHABLE_CODE = YES;
				CLANG_WARN__DUPLICATE_METHOD_MATCH = YES;
				CODE_SIGN_IDENTITY = "iPhone Developer";
				COPY_PHASE_STRIP = NO;
				DEBUG_INFORMATION_FORMAT = dwarf;
				ENABLE_STRICT_OBJC_MSGSEND = YES;
				ENABLE_TESTABILITY = YES;
				GCC_C_LANGUAGE_STANDARD = gnu11;
				GCC_DYNAMIC_NO_PIC = NO;
				GCC_NO_COMMON_BLOCKS = YES;
				GCC_OPTIMIZATION_LEVEL = 0;
				GCC_PREPROCESSOR_DEFINITIONS = (
					"DEBUG=1",
					"$(inherited)",
				);
				GCC_WARN_64_TO_32_BIT_CONVERSION = YES;
				GCC_WARN_ABOUT_RETURN_TYPE = YES_ERROR;
				GCC_WARN_UNDECLARED_SELECTOR = YES;
				GCC_WARN_UNINITIALIZED_AUTOS = YES_AGGRESSIVE;
				GCC_WARN_UNUSED_FUNCTION = YES;
				GCC_WARN_UNUSED_VARIABLE = YES;
				IPHONEOS_DEPLOYMENT_TARGET = 12.1;
				MTL_ENABLE_DEBUG_INFO = INCLUDE_SOURCE;
				MTL_FAST_MATH = YES;
				ONLY_ACTIVE_ARCH = YES;
				SDKROOT = iphoneos;
				SWIFT_ACTIVE_COMPILATION_CONDITIONS = DEBUG;
				SWIFT_OPTIMIZATION_LEVEL = "-Onone";
			};
			name = Debug;
		};
		8BDE6DCC23C452AF00945CCB /* Release */ = {
			isa = XCBuildConfiguration;
			buildSettings = {
				ALWAYS_SEARCH_USER_PATHS = NO;
				CLANG_ANALYZER_NONNULL = YES;
				CLANG_ANALYZER_NUMBER_OBJECT_CONVERSION = YES_AGGRESSIVE;
				CLANG_CXX_LANGUAGE_STANDARD = "gnu++14";
				CLANG_CXX_LIBRARY = "libc++";
				CLANG_ENABLE_MODULES = YES;
				CLANG_ENABLE_OBJC_ARC = YES;
				CLANG_ENABLE_OBJC_WEAK = YES;
				CLANG_WARN_BLOCK_CAPTURE_AUTORELEASING = YES;
				CLANG_WARN_BOOL_CONVERSION = YES;
				CLANG_WARN_COMMA = YES;
				CLANG_WARN_CONSTANT_CONVERSION = YES;
				CLANG_WARN_DEPRECATED_OBJC_IMPLEMENTATIONS = YES;
				CLANG_WARN_DIRECT_OBJC_ISA_USAGE = YES_ERROR;
				CLANG_WARN_DOCUMENTATION_COMMENTS = YES;
				CLANG_WARN_EMPTY_BODY = YES;
				CLANG_WARN_ENUM_CONVERSION = YES;
				CLANG_WARN_INFINITE_RECURSION = YES;
				CLANG_WARN_INT_CONVERSION = YES;
				CLANG_WARN_NON_LITERAL_NULL_CONVERSION = YES;
				CLANG_WARN_OBJC_IMPLICIT_RETAIN_SELF = YES;
				CLANG_WARN_OBJC_LITERAL_CONVERSION = YES;
				CLANG_WARN_OBJC_ROOT_CLASS = YES_ERROR;
				CLANG_WARN_RANGE_LOOP_ANALYSIS = YES;
				CLANG_WARN_STRICT_PROTOTYPES = YES;
				CLANG_WARN_SUSPICIOUS_MOVE = YES;
				CLANG_WARN_UNGUARDED_AVAILABILITY = YES_AGGRESSIVE;
				CLANG_WARN_UNREACHABLE_CODE = YES;
				CLANG_WARN__DUPLICATE_METHOD_MATCH = YES;
				CODE_SIGN_IDENTITY = "iPhone Developer";
				COPY_PHASE_STRIP = NO;
				DEBUG_INFORMATION_FORMAT = "dwarf-with-dsym";
				ENABLE_NS_ASSERTIONS = NO;
				ENABLE_STRICT_OBJC_MSGSEND = YES;
				GCC_C_LANGUAGE_STANDARD = gnu11;
				GCC_NO_COMMON_BLOCKS = YES;
				GCC_WARN_64_TO_32_BIT_CONVERSION = YES;
				GCC_WARN_ABOUT_RETURN_TYPE = YES_ERROR;
				GCC_WARN_UNDECLARED_SELECTOR = YES;
				GCC_WARN_UNINITIALIZED_AUTOS = YES_AGGRESSIVE;
				GCC_WARN_UNUSED_FUNCTION = YES;
				GCC_WARN_UNUSED_VARIABLE = YES;
				IPHONEOS_DEPLOYMENT_TARGET = 12.1;
				MTL_ENABLE_DEBUG_INFO = NO;
				MTL_FAST_MATH = YES;
				SDKROOT = iphoneos;
				SWIFT_COMPILATION_MODE = wholemodule;
				SWIFT_OPTIMIZATION_LEVEL = "-O";
				VALIDATE_PRODUCT = YES;
			};
			name = Release;
		};
		8BDE6DCE23C452AF00945CCB /* Debug */ = {
			isa = XCBuildConfiguration;
			baseConfigurationReference = 5EF8AB855956E187B3865AEF /* Pods-firebase.pgdemo.debug.xcconfig */;
			buildSettings = {
				ASSETCATALOG_COMPILER_APPICON_NAME = AppIcon;
				CODE_SIGN_STYLE = Automatic;
				INFOPLIST_FILE = firebase.pgdemo/Info.plist;
				LD_RUNPATH_SEARCH_PATHS = (
					"$(inherited)",
					"@executable_path/Frameworks",
				);
				PRODUCT_BUNDLE_IDENTIFIER = "com.demo.firebase-pgdemo";
				PRODUCT_NAME = "$(TARGET_NAME)";
				SWIFT_VERSION = 4.2;
				TARGETED_DEVICE_FAMILY = "1,2";
			};
			name = Debug;
		};
		8BDE6DCF23C452AF00945CCB /* Release */ = {
			isa = XCBuildConfiguration;
			baseConfigurationReference = 2355F337276197118BFE2005 /* Pods-firebase.pgdemo.release.xcconfig */;
			buildSettings = {
				ASSETCATALOG_COMPILER_APPICON_NAME = AppIcon;
				CODE_SIGN_STYLE = Automatic;
				INFOPLIST_FILE = firebase.pgdemo/Info.plist;
				LD_RUNPATH_SEARCH_PATHS = (
					"$(inherited)",
					"@executable_path/Frameworks",
				);
				PRODUCT_BUNDLE_IDENTIFIER = "com.demo.firebase-pgdemo";
				PRODUCT_NAME = "$(TARGET_NAME)";
				SWIFT_VERSION = 4.2;
				TARGETED_DEVICE_FAMILY = "1,2";
			};
			name = Release;
		};
/* End XCBuildConfiguration section */

/* Begin XCConfigurationList section */
		8BDE6DB623C452AC00945CCB /* Build configuration list for PBXProject "firebase.pgdemo" */ = {
			isa = XCConfigurationList;
			buildConfigurations = (
				8BDE6DCB23C452AF00945CCB /* Debug */,
				8BDE6DCC23C452AF00945CCB /* Release */,
			);
			defaultConfigurationIsVisible = 0;
			defaultConfigurationName = Release;
		};
		8BDE6DCD23C452AF00945CCB /* Build configuration list for PBXNativeTarget "firebase.pgdemo" */ = {
			isa = XCConfigurationList;
			buildConfigurations = (
				8BDE6DCE23C452AF00945CCB /* Debug */,
				8BDE6DCF23C452AF00945CCB /* Release */,
			);
			defaultConfigurationIsVisible = 0;
			defaultConfigurationName = Release;
		};
/* End XCConfigurationList section */
	};
	rootObject = 8BDE6DB323C452AC00945CCB /* Project object */;
}
